// !$*UTF8*$!
{
	archiveVersion = 1;
	classes = {
	};
	objectVersion = 48;
	objects = {

/* Begin PBXBuildFile section */
		1C212B6B2001BBF800CBD8C9 /* main.m in Sources */ = {isa = PBXBuildFile; fileRef = 1C212B6A2001BBF800CBD8C9 /* main.m */; };
		1C212B7A2001C56000CBD8C9 /* AppDelegate.m in Sources */ = {isa = PBXBuildFile; fileRef = 1C212B752001C56000CBD8C9 /* AppDelegate.m */; };
		1C212B812001C58900CBD8C9 /* Assets.xcassets in Resources */ = {isa = PBXBuildFile; fileRef = 1C212B7C2001C58900CBD8C9 /* Assets.xcassets */; };
		1C212B822001C58900CBD8C9 /* MainMenu.xib in Resources */ = {isa = PBXBuildFile; fileRef = 1C212B7D2001C58900CBD8C9 /* MainMenu.xib */; };
		1C212B882001C7BE00CBD8C9 /* PPProcessFetcher.m in Sources */ = {isa = PBXBuildFile; fileRef = 1C212B872001C7BE00CBD8C9 /* PPProcessFetcher.m */; };
		1C212B8C2001C7EF00CBD8C9 /* PPProcessInfo.m in Sources */ = {isa = PBXBuildFile; fileRef = 1C212B8B2001C7EF00CBD8C9 /* PPProcessInfo.m */; };
		1C212B8F2001D7B900CBD8C9 /* PPProcessManager.m in Sources */ = {isa = PBXBuildFile; fileRef = 1C212B8E2001D7B900CBD8C9 /* PPProcessManager.m */; };
		1C212B922002B1E500CBD8C9 /* PPProcessListWindowController.m in Sources */ = {isa = PBXBuildFile; fileRef = 1C212B912002B1E500CBD8C9 /* PPProcessListWindowController.m */; };
		1C212B962002B54800CBD8C9 /* PPProcessListViewController.m in Sources */ = {isa = PBXBuildFile; fileRef = 1C212B942002B54800CBD8C9 /* PPProcessListViewController.m */; };
		1C212B972002B54800CBD8C9 /* PPProcessListViewController.xib in Resources */ = {isa = PBXBuildFile; fileRef = 1C212B952002B54800CBD8C9 /* PPProcessListViewController.xib */; };
		1C212B9A2002BA3C00CBD8C9 /* PPAppFacade.m in Sources */ = {isa = PBXBuildFile; fileRef = 1C212B992002BA3C00CBD8C9 /* PPAppFacade.m */; };
		1C212BAB2002C1D300CBD8C9 /* NSLayoutConstraint+Additions.m in Sources */ = {isa = PBXBuildFile; fileRef = 1C212BA82002C1D300CBD8C9 /* NSLayoutConstraint+Additions.m */; };
		1C212BAC2002C1D300CBD8C9 /* NSView+LayoutConstraints.m in Sources */ = {isa = PBXBuildFile; fileRef = 1C212BAA2002C1D300CBD8C9 /* NSView+LayoutConstraints.m */; };
		1C9A1C682003DE2F002904C1 /* PPAuthorizationManager.m in Sources */ = {isa = PBXBuildFile; fileRef = 1C9A1C672003DE2F002904C1 /* PPAuthorizationManager.m */; };
		1C9A1C6E2003DE88002904C1 /* PPAuthorizedTask.m in Sources */ = {isa = PBXBuildFile; fileRef = 1C9A1C6D2003DE88002904C1 /* PPAuthorizedTask.m */; };
		1C9A1C712003DE9A002904C1 /* PPAuthorizedRight.m in Sources */ = {isa = PBXBuildFile; fileRef = 1C9A1C702003DE9A002904C1 /* PPAuthorizedRight.m */; };
/* End PBXBuildFile section */

/* Begin PBXFileReference section */
		1C212B5E2001BBF800CBD8C9 /* PureProcessManager.app */ = {isa = PBXFileReference; explicitFileType = wrapper.application; includeInIndex = 0; path = PureProcessManager.app; sourceTree = BUILT_PRODUCTS_DIR; };
		1C212B6A2001BBF800CBD8C9 /* main.m */ = {isa = PBXFileReference; lastKnownFileType = sourcecode.c.objc; path = main.m; sourceTree = "<group>"; };
		1C212B742001C56000CBD8C9 /* AppDelegate.h */ = {isa = PBXFileReference; fileEncoding = 4; lastKnownFileType = sourcecode.c.h; path = AppDelegate.h; sourceTree = "<group>"; };
		1C212B752001C56000CBD8C9 /* AppDelegate.m */ = {isa = PBXFileReference; fileEncoding = 4; lastKnownFileType = sourcecode.c.objc; path = AppDelegate.m; sourceTree = "<group>"; };
		1C212B7C2001C58900CBD8C9 /* Assets.xcassets */ = {isa = PBXFileReference; lastKnownFileType = folder.assetcatalog; path = Assets.xcassets; sourceTree = "<group>"; };
		1C212B7E2001C58900CBD8C9 /* Base */ = {isa = PBXFileReference; lastKnownFileType = file.xib; name = Base; path = Base.lproj/MainMenu.xib; sourceTree = "<group>"; };
		1C212B7F2001C58900CBD8C9 /* Info.plist */ = {isa = PBXFileReference; fileEncoding = 4; lastKnownFileType = text.plist.xml; path = Info.plist; sourceTree = "<group>"; };
		1C212B802001C58900CBD8C9 /* PureProcessManager.entitlements */ = {isa = PBXFileReference; fileEncoding = 4; lastKnownFileType = text.plist.entitlements; path = PureProcessManager.entitlements; sourceTree = "<group>"; };
		1C212B862001C7BE00CBD8C9 /* PPProcessFetcher.h */ = {isa = PBXFileReference; lastKnownFileType = sourcecode.c.h; path = PPProcessFetcher.h; sourceTree = "<group>"; };
		1C212B872001C7BE00CBD8C9 /* PPProcessFetcher.m */ = {isa = PBXFileReference; lastKnownFileType = sourcecode.c.objc; path = PPProcessFetcher.m; sourceTree = "<group>"; };
		1C212B8A2001C7EF00CBD8C9 /* PPProcessInfo.h */ = {isa = PBXFileReference; lastKnownFileType = sourcecode.c.h; path = PPProcessInfo.h; sourceTree = "<group>"; };
		1C212B8B2001C7EF00CBD8C9 /* PPProcessInfo.m */ = {isa = PBXFileReference; lastKnownFileType = sourcecode.c.objc; path = PPProcessInfo.m; sourceTree = "<group>"; };
		1C212B8D2001D7B900CBD8C9 /* PPProcessManager.h */ = {isa = PBXFileReference; lastKnownFileType = sourcecode.c.h; path = PPProcessManager.h; sourceTree = "<group>"; };
		1C212B8E2001D7B900CBD8C9 /* PPProcessManager.m */ = {isa = PBXFileReference; lastKnownFileType = sourcecode.c.objc; path = PPProcessManager.m; sourceTree = "<group>"; };
		1C212B902002B1E500CBD8C9 /* PPProcessListWindowController.h */ = {isa = PBXFileReference; lastKnownFileType = sourcecode.c.h; path = PPProcessListWindowController.h; sourceTree = "<group>"; };
		1C212B912002B1E500CBD8C9 /* PPProcessListWindowController.m */ = {isa = PBXFileReference; lastKnownFileType = sourcecode.c.objc; path = PPProcessListWindowController.m; sourceTree = "<group>"; };
		1C212B932002B54800CBD8C9 /* PPProcessListViewController.h */ = {isa = PBXFileReference; lastKnownFileType = sourcecode.c.h; path = PPProcessListViewController.h; sourceTree = "<group>"; };
		1C212B942002B54800CBD8C9 /* PPProcessListViewController.m */ = {isa = PBXFileReference; lastKnownFileType = sourcecode.c.objc; path = PPProcessListViewController.m; sourceTree = "<group>"; };
		1C212B952002B54800CBD8C9 /* PPProcessListViewController.xib */ = {isa = PBXFileReference; lastKnownFileType = file.xib; path = PPProcessListViewController.xib; sourceTree = "<group>"; };
		1C212B982002BA3C00CBD8C9 /* PPAppFacade.h */ = {isa = PBXFileReference; lastKnownFileType = sourcecode.c.h; path = PPAppFacade.h; sourceTree = "<group>"; };
		1C212B992002BA3C00CBD8C9 /* PPAppFacade.m */ = {isa = PBXFileReference; lastKnownFileType = sourcecode.c.objc; path = PPAppFacade.m; sourceTree = "<group>"; };
		1C212BA62002C1D300CBD8C9 /* Autolayout.h */ = {isa = PBXFileReference; fileEncoding = 4; lastKnownFileType = sourcecode.c.h; path = Autolayout.h; sourceTree = "<group>"; };
		1C212BA72002C1D300CBD8C9 /* NSLayoutConstraint+Additions.h */ = {isa = PBXFileReference; fileEncoding = 4; lastKnownFileType = sourcecode.c.h; path = "NSLayoutConstraint+Additions.h"; sourceTree = "<group>"; };
		1C212BA82002C1D300CBD8C9 /* NSLayoutConstraint+Additions.m */ = {isa = PBXFileReference; fileEncoding = 4; lastKnownFileType = sourcecode.c.objc; path = "NSLayoutConstraint+Additions.m"; sourceTree = "<group>"; };
		1C212BA92002C1D300CBD8C9 /* NSView+LayoutConstraints.h */ = {isa = PBXFileReference; fileEncoding = 4; lastKnownFileType = sourcecode.c.h; path = "NSView+LayoutConstraints.h"; sourceTree = "<group>"; };
		1C212BAA2002C1D300CBD8C9 /* NSView+LayoutConstraints.m */ = {isa = PBXFileReference; fileEncoding = 4; lastKnownFileType = sourcecode.c.objc; path = "NSView+LayoutConstraints.m"; sourceTree = "<group>"; };
		1C9A1C662003DE2F002904C1 /* PPAuthorizationManager.h */ = {isa = PBXFileReference; lastKnownFileType = sourcecode.c.h; path = PPAuthorizationManager.h; sourceTree = "<group>"; };
		1C9A1C672003DE2F002904C1 /* PPAuthorizationManager.m */ = {isa = PBXFileReference; lastKnownFileType = sourcecode.c.objc; path = PPAuthorizationManager.m; sourceTree = "<group>"; };
		1C9A1C6C2003DE88002904C1 /* PPAuthorizedTask.h */ = {isa = PBXFileReference; lastKnownFileType = sourcecode.c.h; path = PPAuthorizedTask.h; sourceTree = "<group>"; };
		1C9A1C6D2003DE88002904C1 /* PPAuthorizedTask.m */ = {isa = PBXFileReference; lastKnownFileType = sourcecode.c.objc; path = PPAuthorizedTask.m; sourceTree = "<group>"; };
		1C9A1C6F2003DE9A002904C1 /* PPAuthorizedRight.h */ = {isa = PBXFileReference; lastKnownFileType = sourcecode.c.h; path = PPAuthorizedRight.h; sourceTree = "<group>"; };
		1C9A1C702003DE9A002904C1 /* PPAuthorizedRight.m */ = {isa = PBXFileReference; lastKnownFileType = sourcecode.c.objc; path = PPAuthorizedRight.m; sourceTree = "<group>"; };
		1C9A1C732003E5A8002904C1 /* PPDefinitions.h */ = {isa = PBXFileReference; lastKnownFileType = sourcecode.c.h; path = PPDefinitions.h; sourceTree = "<group>"; };
/* End PBXFileReference section */

/* Begin PBXFrameworksBuildPhase section */
		1C212B5B2001BBF800CBD8C9 /* Frameworks */ = {
			isa = PBXFrameworksBuildPhase;
			buildActionMask = 2147483647;
			files = (
			);
			runOnlyForDeploymentPostprocessing = 0;
		};
/* End PBXFrameworksBuildPhase section */

/* Begin PBXGroup section */
		1C212B552001BBF800CBD8C9 = {
			isa = PBXGroup;
			children = (
				1C212B602001BBF800CBD8C9 /* PureProcessManager */,
				1C212B5F2001BBF800CBD8C9 /* Products */,
			);
			sourceTree = "<group>";
		};
		1C212B5F2001BBF800CBD8C9 /* Products */ = {
			isa = PBXGroup;
			children = (
				1C212B5E2001BBF800CBD8C9 /* PureProcessManager.app */,
			);
			name = Products;
			sourceTree = "<group>";
		};
		1C212B602001BBF800CBD8C9 /* PureProcessManager */ = {
			isa = PBXGroup;
			children = (
				1C212B7B2001C58900CBD8C9 /* Resources */,
				1C212B732001C56000CBD8C9 /* Classes */,
				1C212B6A2001BBF800CBD8C9 /* main.m */,
			);
			path = PureProcessManager;
			sourceTree = "<group>";
		};
		1C212B732001C56000CBD8C9 /* Classes */ = {
			isa = PBXGroup;
			children = (
				1C212B742001C56000CBD8C9 /* AppDelegate.h */,
				1C212B752001C56000CBD8C9 /* AppDelegate.m */,
				1C212B762001C56000CBD8C9 /* Business */,
				1C212B772001C56000CBD8C9 /* Model */,
				1C212B782001C56000CBD8C9 /* UI */,
				1C212BA42002C1D300CBD8C9 /* ThirdParty */,
			);
			path = Classes;
			sourceTree = "<group>";
		};
		1C212B762001C56000CBD8C9 /* Business */ = {
			isa = PBXGroup;
			children = (
				1C212B842001C79700CBD8C9 /* AppFacade */,
				1C9A1C652003DDD7002904C1 /* AuthorizedTasksManaging */,
				1C212B852001C79700CBD8C9 /* ProcessManaging */,
			);
			path = Business;
			sourceTree = "<group>";
		};
		1C212B772001C56000CBD8C9 /* Model */ = {
			isa = PBXGroup;
			children = (
				1C212B892001C7E300CBD8C9 /* ProcessInfo */,
				1C9A1C732003E5A8002904C1 /* PPDefinitions.h */,
			);
			path = Model;
			sourceTree = "<group>";
		};
		1C212B782001C56000CBD8C9 /* UI */ = {
			isa = PBXGroup;
			children = (
				1C212B792001C56000CBD8C9 /* Controllers */,
			);
			path = UI;
			sourceTree = "<group>";
		};
		1C212B792001C56000CBD8C9 /* Controllers */ = {
			isa = PBXGroup;
			children = (
				1C212B902002B1E500CBD8C9 /* PPProcessListWindowController.h */,
				1C212B912002B1E500CBD8C9 /* PPProcessListWindowController.m */,
				1C212B932002B54800CBD8C9 /* PPProcessListViewController.h */,
				1C212B942002B54800CBD8C9 /* PPProcessListViewController.m */,
				1C212B952002B54800CBD8C9 /* PPProcessListViewController.xib */,
			);
			path = Controllers;
			sourceTree = "<group>";
		};
		1C212B7B2001C58900CBD8C9 /* Resources */ = {
			isa = PBXGroup;
			children = (
				1C212B7C2001C58900CBD8C9 /* Assets.xcassets */,
				1C212B7D2001C58900CBD8C9 /* MainMenu.xib */,
				1C212B7F2001C58900CBD8C9 /* Info.plist */,
				1C212B802001C58900CBD8C9 /* PureProcessManager.entitlements */,
			);
			path = Resources;
			sourceTree = "<group>";
		};
		1C212B842001C79700CBD8C9 /* AppFacade */ = {
			isa = PBXGroup;
			children = (
				1C212B982002BA3C00CBD8C9 /* PPAppFacade.h */,
				1C212B992002BA3C00CBD8C9 /* PPAppFacade.m */,
			);
			path = AppFacade;
			sourceTree = "<group>";
		};
		1C212B852001C79700CBD8C9 /* ProcessManaging */ = {
			isa = PBXGroup;
			children = (
				1C212B8D2001D7B900CBD8C9 /* PPProcessManager.h */,
				1C212B8E2001D7B900CBD8C9 /* PPProcessManager.m */,
				1C212B862001C7BE00CBD8C9 /* PPProcessFetcher.h */,
				1C212B872001C7BE00CBD8C9 /* PPProcessFetcher.m */,
			);
			path = ProcessManaging;
			sourceTree = "<group>";
		};
		1C212B892001C7E300CBD8C9 /* ProcessInfo */ = {
			isa = PBXGroup;
			children = (
				1C212B8A2001C7EF00CBD8C9 /* PPProcessInfo.h */,
				1C212B8B2001C7EF00CBD8C9 /* PPProcessInfo.m */,
			);
			path = ProcessInfo;
			sourceTree = "<group>";
		};
		1C212BA42002C1D300CBD8C9 /* ThirdParty */ = {
			isa = PBXGroup;
			children = (
				1C212BA52002C1D300CBD8C9 /* Autolayout */,
			);
			path = ThirdParty;
			sourceTree = "<group>";
		};
		1C212BA52002C1D300CBD8C9 /* Autolayout */ = {
			isa = PBXGroup;
			children = (
				1C212BA62002C1D300CBD8C9 /* Autolayout.h */,
				1C212BA72002C1D300CBD8C9 /* NSLayoutConstraint+Additions.h */,
				1C212BA82002C1D300CBD8C9 /* NSLayoutConstraint+Additions.m */,
				1C212BA92002C1D300CBD8C9 /* NSView+LayoutConstraints.h */,
				1C212BAA2002C1D300CBD8C9 /* NSView+LayoutConstraints.m */,
			);
			path = Autolayout;
			sourceTree = "<group>";
		};
		1C9A1C652003DDD7002904C1 /* AuthorizedTasksManaging */ = {
			isa = PBXGroup;
			children = (
				1C9A1C662003DE2F002904C1 /* PPAuthorizationManager.h */,
				1C9A1C672003DE2F002904C1 /* PPAuthorizationManager.m */,
				1C9A1C6F2003DE9A002904C1 /* PPAuthorizedRight.h */,
				1C9A1C702003DE9A002904C1 /* PPAuthorizedRight.m */,
				1C9A1C6C2003DE88002904C1 /* PPAuthorizedTask.h */,
				1C9A1C6D2003DE88002904C1 /* PPAuthorizedTask.m */,
			);
			path = AuthorizedTasksManaging;
			sourceTree = "<group>";
		};
/* End PBXGroup section */

/* Begin PBXNativeTarget section */
		1C212B5D2001BBF800CBD8C9 /* PureProcessManager */ = {
			isa = PBXNativeTarget;
			buildConfigurationList = 1C212B6F2001BBF800CBD8C9 /* Build configuration list for PBXNativeTarget "PureProcessManager" */;
			buildPhases = (
				1C212B5A2001BBF800CBD8C9 /* Sources */,
				1C212B5B2001BBF800CBD8C9 /* Frameworks */,
				1C212B5C2001BBF800CBD8C9 /* Resources */,
			);
			buildRules = (
			);
			dependencies = (
			);
			name = PureProcessManager;
			productName = PureProcessManager;
			productReference = 1C212B5E2001BBF800CBD8C9 /* PureProcessManager.app */;
			productType = "com.apple.product-type.application";
		};
/* End PBXNativeTarget section */

/* Begin PBXProject section */
		1C212B562001BBF800CBD8C9 /* Project object */ = {
			isa = PBXProject;
			attributes = {
				LastUpgradeCheck = 0920;
				ORGANIZATIONNAME = "Vladislav Senyukov";
				TargetAttributes = {
					1C212B5D2001BBF800CBD8C9 = {
						CreatedOnToolsVersion = 9.2;
						ProvisioningStyle = Automatic;
						SystemCapabilities = {
							com.apple.Sandbox = {
								enabled = 0;
							};
						};
					};
				};
			};
			buildConfigurationList = 1C212B592001BBF800CBD8C9 /* Build configuration list for PBXProject "PureProcessManager" */;
			compatibilityVersion = "Xcode 8.0";
			developmentRegion = en;
			hasScannedForEncodings = 0;
			knownRegions = (
				en,
				Base,
			);
			mainGroup = 1C212B552001BBF800CBD8C9;
			productRefGroup = 1C212B5F2001BBF800CBD8C9 /* Products */;
			projectDirPath = "";
			projectRoot = "";
			targets = (
				1C212B5D2001BBF800CBD8C9 /* PureProcessManager */,
			);
		};
/* End PBXProject section */

/* Begin PBXResourcesBuildPhase section */
		1C212B5C2001BBF800CBD8C9 /* Resources */ = {
			isa = PBXResourcesBuildPhase;
			buildActionMask = 2147483647;
			files = (
				1C212B812001C58900CBD8C9 /* Assets.xcassets in Resources */,
				1C212B972002B54800CBD8C9 /* PPProcessListViewController.xib in Resources */,
				1C212B822001C58900CBD8C9 /* MainMenu.xib in Resources */,
			);
			runOnlyForDeploymentPostprocessing = 0;
		};
/* End PBXResourcesBuildPhase section */

/* Begin PBXSourcesBuildPhase section */
		1C212B5A2001BBF800CBD8C9 /* Sources */ = {
			isa = PBXSourcesBuildPhase;
			buildActionMask = 2147483647;
			files = (
				1C212B6B2001BBF800CBD8C9 /* main.m in Sources */,
				1C9A1C712003DE9A002904C1 /* PPAuthorizedRight.m in Sources */,
				1C212B922002B1E500CBD8C9 /* PPProcessListWindowController.m in Sources */,
				1C212B962002B54800CBD8C9 /* PPProcessListViewController.m in Sources */,
				1C212B8C2001C7EF00CBD8C9 /* PPProcessInfo.m in Sources */,
				1C212B7A2001C56000CBD8C9 /* AppDelegate.m in Sources */,
				1C212B9A2002BA3C00CBD8C9 /* PPAppFacade.m in Sources */,
				1C212BAB2002C1D300CBD8C9 /* NSLayoutConstraint+Additions.m in Sources */,
				1C212B882001C7BE00CBD8C9 /* PPProcessFetcher.m in Sources */,
				1C212BAC2002C1D300CBD8C9 /* NSView+LayoutConstraints.m in Sources */,
				1C212B8F2001D7B900CBD8C9 /* PPProcessManager.m in Sources */,
				1C9A1C682003DE2F002904C1 /* PPAuthorizationManager.m in Sources */,
				1C9A1C6E2003DE88002904C1 /* PPAuthorizedTask.m in Sources */,
			);
			runOnlyForDeploymentPostprocessing = 0;
		};
/* End PBXSourcesBuildPhase section */

/* Begin PBXVariantGroup section */
		1C212B7D2001C58900CBD8C9 /* MainMenu.xib */ = {
			isa = PBXVariantGroup;
			children = (
				1C212B7E2001C58900CBD8C9 /* Base */,
			);
			name = MainMenu.xib;
			sourceTree = "<group>";
		};
/* End PBXVariantGroup section */

/* Begin XCBuildConfiguration section */
		1C212B6D2001BBF800CBD8C9 /* Debug */ = {
			isa = XCBuildConfiguration;
			buildSettings = {
				ALWAYS_SEARCH_USER_PATHS = NO;
				CLANG_ANALYZER_NONNULL = YES;
				CLANG_ANALYZER_NUMBER_OBJECT_CONVERSION = YES_AGGRESSIVE;
				CLANG_CXX_LANGUAGE_STANDARD = "gnu++14";
				CLANG_CXX_LIBRARY = "libc++";
				CLANG_ENABLE_MODULES = YES;
				CLANG_ENABLE_OBJC_ARC = YES;
				CLANG_WARN_BLOCK_CAPTURE_AUTORELEASING = YES;
				CLANG_WARN_BOOL_CONVERSION = YES;
				CLANG_WARN_COMMA = YES;
				CLANG_WARN_CONSTANT_CONVERSION = YES;
				CLANG_WARN_DIRECT_OBJC_ISA_USAGE = YES_ERROR;
				CLANG_WARN_DOCUMENTATION_COMMENTS = YES;
				CLANG_WARN_EMPTY_BODY = YES;
				CLANG_WARN_ENUM_CONVERSION = YES;
				CLANG_WARN_INFINITE_RECURSION = YES;
				CLANG_WARN_INT_CONVERSION = YES;
				CLANG_WARN_NON_LITERAL_NULL_CONVERSION = YES;
				CLANG_WARN_OBJC_LITERAL_CONVERSION = YES;
				CLANG_WARN_OBJC_ROOT_CLASS = YES_ERROR;
				CLANG_WARN_RANGE_LOOP_ANALYSIS = YES;
				CLANG_WARN_STRICT_PROTOTYPES = YES;
				CLANG_WARN_SUSPICIOUS_MOVE = YES;
				CLANG_WARN_UNGUARDED_AVAILABILITY = YES_AGGRESSIVE;
				CLANG_WARN_UNREACHABLE_CODE = YES;
				CLANG_WARN__DUPLICATE_METHOD_MATCH = YES;
				CODE_SIGN_IDENTITY = "Mac Developer";
				COPY_PHASE_STRIP = NO;
				DEBUG_INFORMATION_FORMAT = dwarf;
				ENABLE_STRICT_OBJC_MSGSEND = YES;
				ENABLE_TESTABILITY = YES;
				GCC_C_LANGUAGE_STANDARD = gnu11;
				GCC_DYNAMIC_NO_PIC = NO;
				GCC_NO_COMMON_BLOCKS = YES;
				GCC_OPTIMIZATION_LEVEL = 0;
				GCC_PREPROCESSOR_DEFINITIONS = (
					"DEBUG=1",
					"$(inherited)",
				);
				GCC_WARN_64_TO_32_BIT_CONVERSION = YES;
				GCC_WARN_ABOUT_RETURN_TYPE = YES_ERROR;
				GCC_WARN_UNDECLARED_SELECTOR = YES;
				GCC_WARN_UNINITIALIZED_AUTOS = YES_AGGRESSIVE;
				GCC_WARN_UNUSED_FUNCTION = YES;
				GCC_WARN_UNUSED_VARIABLE = YES;
				MACOSX_DEPLOYMENT_TARGET = 10.12;
				MTL_ENABLE_DEBUG_INFO = YES;
				ONLY_ACTIVE_ARCH = YES;
				SDKROOT = macosx;
			};
			name = Debug;
		};
		1C212B6E2001BBF800CBD8C9 /* Release */ = {
			isa = XCBuildConfiguration;
			buildSettings = {
				ALWAYS_SEARCH_USER_PATHS = NO;
				CLANG_ANALYZER_NONNULL = YES;
				CLANG_ANALYZER_NUMBER_OBJECT_CONVERSION = YES_AGGRESSIVE;
				CLANG_CXX_LANGUAGE_STANDARD = "gnu++14";
				CLANG_CXX_LIBRARY = "libc++";
				CLANG_ENABLE_MODULES = YES;
				CLANG_ENABLE_OBJC_ARC = YES;
				CLANG_WARN_BLOCK_CAPTURE_AUTORELEASING = YES;
				CLANG_WARN_BOOL_CONVERSION = YES;
				CLANG_WARN_COMMA = YES;
				CLANG_WARN_CONSTANT_CONVERSION = YES;
				CLANG_WARN_DIRECT_OBJC_ISA_USAGE = YES_ERROR;
				CLANG_WARN_DOCUMENTATION_COMMENTS = YES;
				CLANG_WARN_EMPTY_BODY = YES;
				CLANG_WARN_ENUM_CONVERSION = YES;
				CLANG_WARN_INFINITE_RECURSION = YES;
				CLANG_WARN_INT_CONVERSION = YES;
				CLANG_WARN_NON_LITERAL_NULL_CONVERSION = YES;
				CLANG_WARN_OBJC_LITERAL_CONVERSION = YES;
				CLANG_WARN_OBJC_ROOT_CLASS = YES_ERROR;
				CLANG_WARN_RANGE_LOOP_ANALYSIS = YES;
				CLANG_WARN_STRICT_PROTOTYPES = YES;
				CLANG_WARN_SUSPICIOUS_MOVE = YES;
				CLANG_WARN_UNGUARDED_AVAILABILITY = YES_AGGRESSIVE;
				CLANG_WARN_UNREACHABLE_CODE = YES;
				CLANG_WARN__DUPLICATE_METHOD_MATCH = YES;
				CODE_SIGN_IDENTITY = "Mac Developer";
				COPY_PHASE_STRIP = NO;
				DEBUG_INFORMATION_FORMAT = "dwarf-with-dsym";
				ENABLE_NS_ASSERTIONS = NO;
				ENABLE_STRICT_OBJC_MSGSEND = YES;
				GCC_C_LANGUAGE_STANDARD = gnu11;
				GCC_NO_COMMON_BLOCKS = YES;
				GCC_WARN_64_TO_32_BIT_CONVERSION = YES;
				GCC_WARN_ABOUT_RETURN_TYPE = YES_ERROR;
				GCC_WARN_UNDECLARED_SELECTOR = YES;
				GCC_WARN_UNINITIALIZED_AUTOS = YES_AGGRESSIVE;
				GCC_WARN_UNUSED_FUNCTION = YES;
				GCC_WARN_UNUSED_VARIABLE = YES;
				MACOSX_DEPLOYMENT_TARGET = 10.12;
				MTL_ENABLE_DEBUG_INFO = NO;
				SDKROOT = macosx;
			};
			name = Release;
		};
		1C212B702001BBF800CBD8C9 /* Debug */ = {
			isa = XCBuildConfiguration;
			buildSettings = {
				ASSETCATALOG_COMPILER_APPICON_NAME = AppIcon;
				CODE_SIGN_STYLE = Automatic;
				COMBINE_HIDPI_IMAGES = YES;
				DEVELOPMENT_TEAM = ZVHW8QUG2S;
				INFOPLIST_FILE = "$(SRCROOT)/PureProcessManager/Resources/Info.plist";
				LD_RUNPATH_SEARCH_PATHS = "$(inherited) @executable_path/../Frameworks";
				MACOSX_DEPLOYMENT_TARGET = 10.11;
				PRODUCT_BUNDLE_IDENTIFIER = com.ruckef.PureProcessManager;
				PRODUCT_NAME = "$(TARGET_NAME)";
			};
			name = Debug;
		};
		1C212B712001BBF800CBD8C9 /* Release */ = {
			isa = XCBuildConfiguration;
			buildSettings = {
				ASSETCATALOG_COMPILER_APPICON_NAME = AppIcon;
				CODE_SIGN_STYLE = Automatic;
				COMBINE_HIDPI_IMAGES = YES;
				DEVELOPMENT_TEAM = ZVHW8QUG2S;
				INFOPLIST_FILE = "$(SRCROOT)/PureProcessManager/Resources/Info.plist";
				LD_RUNPATH_SEARCH_PATHS = "$(inherited) @executable_path/../Frameworks";
				MACOSX_DEPLOYMENT_TARGET = 10.11;
				PRODUCT_BUNDLE_IDENTIFIER = com.ruckef.PureProcessManager;
				PRODUCT_NAME = "$(TARGET_NAME)";
			};
			name = Release;
		};
/* End XCBuildConfiguration section */

/* Begin XCConfigurationList section */
		1C212B592001BBF800CBD8C9 /* Build configuration list for PBXProject "PureProcessManager" */ = {
			isa = XCConfigurationList;
			buildConfigurations = (
				1C212B6D2001BBF800CBD8C9 /* Debug */,
				1C212B6E2001BBF800CBD8C9 /* Release */,
			);
			defaultConfigurationIsVisible = 0;
			defaultConfigurationName = Release;
		};
		1C212B6F2001BBF800CBD8C9 /* Build configuration list for PBXNativeTarget "PureProcessManager" */ = {
			isa = XCConfigurationList;
			buildConfigurations = (
				1C212B702001BBF800CBD8C9 /* Debug */,
				1C212B712001BBF800CBD8C9 /* Release */,
			);
			defaultConfigurationIsVisible = 0;
			defaultConfigurationName = Release;
		};
/* End XCConfigurationList section */
	};
	rootObject = 1C212B562001BBF800CBD8C9 /* Project object */;
}
